// !$*UTF8*$!
{
	archiveVersion = 1;
	classes = {
	};
	objectVersion = 55;
	objects = {

/* Begin PBXBuildFile section */
		B937204A27A821E50007B093 /* LocationManager.swift in Sources */ = {isa = PBXBuildFile; fileRef = B937204927A821E50007B093 /* LocationManager.swift */; };
		B937204C27A8E1660007B093 /* LoadingView.swift in Sources */ = {isa = PBXBuildFile; fileRef = B937204B27A8E1660007B093 /* LoadingView.swift */; };
		B937204F27A8E5C90007B093 /* Color-Theme.swift in Sources */ = {isa = PBXBuildFile; fileRef = B937204E27A8E5C90007B093 /* Color-Theme.swift */; };
		B937205127A8E6B70007B093 /* ContentView.swift in Sources */ = {isa = PBXBuildFile; fileRef = B937205027A8E6B70007B093 /* ContentView.swift */; };
		B9A4811627A3A4D60067CA0A /* RainBootApp.swift in Sources */ = {isa = PBXBuildFile; fileRef = B9A4811527A3A4D60067CA0A /* RainBootApp.swift */; };
		B9A4811827A3A4D60067CA0A /* DashboardView.swift in Sources */ = {isa = PBXBuildFile; fileRef = B9A4811727A3A4D60067CA0A /* DashboardView.swift */; };
		B9A4811A27A3A4D80067CA0A /* Assets.xcassets in Resources */ = {isa = PBXBuildFile; fileRef = B9A4811927A3A4D80067CA0A /* Assets.xcassets */; };
		B9A4811D27A3A4D80067CA0A /* Preview Assets.xcassets in Resources */ = {isa = PBXBuildFile; fileRef = B9A4811C27A3A4D80067CA0A /* Preview Assets.xcassets */; };
		B9A4812627A3B3840067CA0A /* WeatherManager.swift in Sources */ = {isa = PBXBuildFile; fileRef = B9A4812527A3B3840067CA0A /* WeatherManager.swift */; };
		B9AC494527A3C06400D0C42D /* WeatherFull.swift in Sources */ = {isa = PBXBuildFile; fileRef = B9AC494427A3C06400D0C42D /* WeatherFull.swift */; };
		B9DC804D27A976A40007E40C /* ContentViewModel.swift in Sources */ = {isa = PBXBuildFile; fileRef = B9DC804C27A976A40007E40C /* ContentViewModel.swift */; };
/* End PBXBuildFile section */

/* Begin PBXFileReference section */
		B937204927A821E50007B093 /* LocationManager.swift */ = {isa = PBXFileReference; lastKnownFileType = sourcecode.swift; path = LocationManager.swift; sourceTree = "<group>"; };
		B937204B27A8E1660007B093 /* LoadingView.swift */ = {isa = PBXFileReference; lastKnownFileType = sourcecode.swift; path = LoadingView.swift; sourceTree = "<group>"; };
		B937204E27A8E5C90007B093 /* Color-Theme.swift */ = {isa = PBXFileReference; lastKnownFileType = sourcecode.swift; path = "Color-Theme.swift"; sourceTree = "<group>"; };
		B937205027A8E6B70007B093 /* ContentView.swift */ = {isa = PBXFileReference; lastKnownFileType = sourcecode.swift; path = ContentView.swift; sourceTree = "<group>"; };
		B9A4811227A3A4D60067CA0A /* RainBoot.app */ = {isa = PBXFileReference; explicitFileType = wrapper.application; includeInIndex = 0; path = RainBoot.app; sourceTree = BUILT_PRODUCTS_DIR; };
		B9A4811527A3A4D60067CA0A /* RainBootApp.swift */ = {isa = PBXFileReference; lastKnownFileType = sourcecode.swift; path = RainBootApp.swift; sourceTree = "<group>"; };
		B9A4811727A3A4D60067CA0A /* DashboardView.swift */ = {isa = PBXFileReference; lastKnownFileType = sourcecode.swift; path = DashboardView.swift; sourceTree = "<group>"; };
		B9A4811927A3A4D80067CA0A /* Assets.xcassets */ = {isa = PBXFileReference; lastKnownFileType = folder.assetcatalog; path = Assets.xcassets; sourceTree = "<group>"; };
		B9A4811C27A3A4D80067CA0A /* Preview Assets.xcassets */ = {isa = PBXFileReference; lastKnownFileType = folder.assetcatalog; path = "Preview Assets.xcassets"; sourceTree = "<group>"; };
		B9A4812527A3B3840067CA0A /* WeatherManager.swift */ = {isa = PBXFileReference; lastKnownFileType = sourcecode.swift; path = WeatherManager.swift; sourceTree = "<group>"; };
		B9AC494427A3C06400D0C42D /* WeatherFull.swift */ = {isa = PBXFileReference; lastKnownFileType = sourcecode.swift; path = WeatherFull.swift; sourceTree = "<group>"; };
		B9AC494627A3C99A00D0C42D /* README.md */ = {isa = PBXFileReference; lastKnownFileType = net.daringfireball.markdown; path = README.md; sourceTree = "<group>"; };
		B9DC804C27A976A40007E40C /* ContentViewModel.swift */ = {isa = PBXFileReference; lastKnownFileType = sourcecode.swift; path = ContentViewModel.swift; sourceTree = "<group>"; };
/* End PBXFileReference section */

/* Begin PBXFrameworksBuildPhase section */
		B9A4810F27A3A4D60067CA0A /* Frameworks */ = {
			isa = PBXFrameworksBuildPhase;
			buildActionMask = 2147483647;
			files = (
			);
			runOnlyForDeploymentPostprocessing = 0;
		};
/* End PBXFrameworksBuildPhase section */

/* Begin PBXGroup section */
		B937204D27A8E5A90007B093 /* Utils */ = {
			isa = PBXGroup;
			children = (
				B937204E27A8E5C90007B093 /* Color-Theme.swift */,
			);
			path = Utils;
			sourceTree = "<group>";
		};
		B9A4810927A3A4D60067CA0A = {
			isa = PBXGroup;
			children = (
				B9AC494627A3C99A00D0C42D /* README.md */,
				B9A4811427A3A4D60067CA0A /* RainBoot */,
				B9A4811327A3A4D60067CA0A /* Products */,
			);
			sourceTree = "<group>";
		};
		B9A4811327A3A4D60067CA0A /* Products */ = {
			isa = PBXGroup;
			children = (
				B9A4811227A3A4D60067CA0A /* RainBoot.app */,
			);
			name = Products;
			sourceTree = "<group>";
		};
		B9A4811427A3A4D60067CA0A /* RainBoot */ = {
			isa = PBXGroup;
			children = (
				B9A4812427A3B36C0067CA0A /* Managers */,
				B9AC494327A3C00100D0C42D /* Models */,
				B9DC804B27A976670007E40C /* ViewModels */,
				B9A4812327A3AF350067CA0A /* Views */,
				B937204D27A8E5A90007B093 /* Utils */,
				B9A4811527A3A4D60067CA0A /* RainBootApp.swift */,
				B9A4811927A3A4D80067CA0A /* Assets.xcassets */,
				B9A4811B27A3A4D80067CA0A /* Preview Content */,
			);
			path = RainBoot;
			sourceTree = "<group>";
		};
		B9A4811B27A3A4D80067CA0A /* Preview Content */ = {
			isa = PBXGroup;
			children = (
				B9A4811C27A3A4D80067CA0A /* Preview Assets.xcassets */,
			);
			path = "Preview Content";
			sourceTree = "<group>";
		};
		B9A4812327A3AF350067CA0A /* Views */ = {
			isa = PBXGroup;
			children = (
				B937205027A8E6B70007B093 /* ContentView.swift */,
				B9A4811727A3A4D60067CA0A /* DashboardView.swift */,
				B937204B27A8E1660007B093 /* LoadingView.swift */,
			);
			path = Views;
			sourceTree = "<group>";
		};
		B9A4812427A3B36C0067CA0A /* Managers */ = {
			isa = PBXGroup;
			children = (
				B937204927A821E50007B093 /* LocationManager.swift */,
				B9A4812527A3B3840067CA0A /* WeatherManager.swift */,
			);
			path = Managers;
			sourceTree = "<group>";
		};
		B9AC494327A3C00100D0C42D /* Models */ = {
			isa = PBXGroup;
			children = (
				B9AC494427A3C06400D0C42D /* WeatherFull.swift */,
			);
			path = Models;
			sourceTree = "<group>";
		};
		B9DC804B27A976670007E40C /* ViewModels */ = {
			isa = PBXGroup;
			children = (
				B9DC804C27A976A40007E40C /* ContentViewModel.swift */,
			);
			path = ViewModels;
			sourceTree = "<group>";
		};
/* End PBXGroup section */

/* Begin PBXNativeTarget section */
		B9A4811127A3A4D60067CA0A /* RainBoot */ = {
			isa = PBXNativeTarget;
			buildConfigurationList = B9A4812027A3A4D80067CA0A /* Build configuration list for PBXNativeTarget "RainBoot" */;
			buildPhases = (
				B9A4810E27A3A4D60067CA0A /* Sources */,
				B9A4810F27A3A4D60067CA0A /* Frameworks */,
				B9A4811027A3A4D60067CA0A /* Resources */,
			);
			buildRules = (
			);
			dependencies = (
			);
			name = RainBoot;
			productName = RainBoot;
			productReference = B9A4811227A3A4D60067CA0A /* RainBoot.app */;
			productType = "com.apple.product-type.application";
		};
/* End PBXNativeTarget section */

/* Begin PBXProject section */
		B9A4810A27A3A4D60067CA0A /* Project object */ = {
			isa = PBXProject;
			attributes = {
				BuildIndependentTargetsInParallel = 1;
				LastSwiftUpdateCheck = 1320;
				LastUpgradeCheck = 1320;
				TargetAttributes = {
					B9A4811127A3A4D60067CA0A = {
						CreatedOnToolsVersion = 13.2;
					};
				};
			};
			buildConfigurationList = B9A4810D27A3A4D60067CA0A /* Build configuration list for PBXProject "RainBoot" */;
			compatibilityVersion = "Xcode 13.0";
			developmentRegion = en;
			hasScannedForEncodings = 0;
			knownRegions = (
				en,
				Base,
			);
			mainGroup = B9A4810927A3A4D60067CA0A;
			productRefGroup = B9A4811327A3A4D60067CA0A /* Products */;
			projectDirPath = "";
			projectRoot = "";
			targets = (
				B9A4811127A3A4D60067CA0A /* RainBoot */,
			);
		};
/* End PBXProject section */

/* Begin PBXResourcesBuildPhase section */
		B9A4811027A3A4D60067CA0A /* Resources */ = {
			isa = PBXResourcesBuildPhase;
			buildActionMask = 2147483647;
			files = (
				B9A4811D27A3A4D80067CA0A /* Preview Assets.xcassets in Resources */,
				B9A4811A27A3A4D80067CA0A /* Assets.xcassets in Resources */,
			);
			runOnlyForDeploymentPostprocessing = 0;
		};
/* End PBXResourcesBuildPhase section */

/* Begin PBXSourcesBuildPhase section */
		B9A4810E27A3A4D60067CA0A /* Sources */ = {
			isa = PBXSourcesBuildPhase;
			buildActionMask = 2147483647;
			files = (
				B9AC494527A3C06400D0C42D /* WeatherFull.swift in Sources */,
				B9A4812627A3B3840067CA0A /* WeatherManager.swift in Sources */,
				B937205127A8E6B70007B093 /* ContentView.swift in Sources */,
				B937204F27A8E5C90007B093 /* Color-Theme.swift in Sources */,
				B937204A27A821E50007B093 /* LocationManager.swift in Sources */,
				B9DC804D27A976A40007E40C /* ContentViewModel.swift in Sources */,
				B9A4811827A3A4D60067CA0A /* DashboardView.swift in Sources */,
				B9A4811627A3A4D60067CA0A /* RainBootApp.swift in Sources */,
				B937204C27A8E1660007B093 /* LoadingView.swift in Sources */,
			);
			runOnlyForDeploymentPostprocessing = 0;
		};
/* End PBXSourcesBuildPhase section */

/* Begin XCBuildConfiguration section */
		B9A4811E27A3A4D80067CA0A /* Debug */ = {
			isa = XCBuildConfiguration;
			buildSettings = {
				ALWAYS_SEARCH_USER_PATHS = NO;
				CLANG_ANALYZER_NONNULL = YES;
				CLANG_ANALYZER_NUMBER_OBJECT_CONVERSION = YES_AGGRESSIVE;
				CLANG_CXX_LANGUAGE_STANDARD = "gnu++17";
				CLANG_CXX_LIBRARY = "libc++";
				CLANG_ENABLE_MODULES = YES;
				CLANG_ENABLE_OBJC_ARC = YES;
				CLANG_ENABLE_OBJC_WEAK = YES;
				CLANG_WARN_BLOCK_CAPTURE_AUTORELEASING = YES;
				CLANG_WARN_BOOL_CONVERSION = YES;
				CLANG_WARN_COMMA = YES;
				CLANG_WARN_CONSTANT_CONVERSION = YES;
				CLANG_WARN_DEPRECATED_OBJC_IMPLEMENTATIONS = YES;
				CLANG_WARN_DIRECT_OBJC_ISA_USAGE = YES_ERROR;
				CLANG_WARN_DOCUMENTATION_COMMENTS = YES;
				CLANG_WARN_EMPTY_BODY = YES;
				CLANG_WARN_ENUM_CONVERSION = YES;
				CLANG_WARN_INFINITE_RECURSION = YES;
				CLANG_WARN_INT_CONVERSION = YES;
				CLANG_WARN_NON_LITERAL_NULL_CONVERSION = YES;
				CLANG_WARN_OBJC_IMPLICIT_RETAIN_SELF = YES;
				CLANG_WARN_OBJC_LITERAL_CONVERSION = YES;
				CLANG_WARN_OBJC_ROOT_CLASS = YES_ERROR;
				CLANG_WARN_QUOTED_INCLUDE_IN_FRAMEWORK_HEADER = YES;
				CLANG_WARN_RANGE_LOOP_ANALYSIS = YES;
				CLANG_WARN_STRICT_PROTOTYPES = YES;
				CLANG_WARN_SUSPICIOUS_MOVE = YES;
				CLANG_WARN_UNGUARDED_AVAILABILITY = YES_AGGRESSIVE;
				CLANG_WARN_UNREACHABLE_CODE = YES;
				CLANG_WARN__DUPLICATE_METHOD_MATCH = YES;
				COPY_PHASE_STRIP = NO;
				DEBUG_INFORMATION_FORMAT = dwarf;
				ENABLE_STRICT_OBJC_MSGSEND = YES;
				ENABLE_TESTABILITY = YES;
				GCC_C_LANGUAGE_STANDARD = gnu11;
				GCC_DYNAMIC_NO_PIC = NO;
				GCC_NO_COMMON_BLOCKS = YES;
				GCC_OPTIMIZATION_LEVEL = 0;
				GCC_PREPROCESSOR_DEFINITIONS = (
					"DEBUG=1",
					"$(inherited)",
				);
				GCC_WARN_64_TO_32_BIT_CONVERSION = YES;
				GCC_WARN_ABOUT_RETURN_TYPE = YES_ERROR;
				GCC_WARN_UNDECLARED_SELECTOR = YES;
				GCC_WARN_UNINITIALIZED_AUTOS = YES_AGGRESSIVE;
				GCC_WARN_UNUSED_FUNCTION = YES;
				GCC_WARN_UNUSED_VARIABLE = YES;
				IPHONEOS_DEPLOYMENT_TARGET = 15.2;
				MTL_ENABLE_DEBUG_INFO = INCLUDE_SOURCE;
				MTL_FAST_MATH = YES;
				ONLY_ACTIVE_ARCH = YES;
				SDKROOT = iphoneos;
				SWIFT_ACTIVE_COMPILATION_CONDITIONS = DEBUG;
				SWIFT_OPTIMIZATION_LEVEL = "-Onone";
			};
			name = Debug;
		};
		B9A4811F27A3A4D80067CA0A /* Release */ = {
			isa = XCBuildConfiguration;
			buildSettings = {
				ALWAYS_SEARCH_USER_PATHS = NO;
				CLANG_ANALYZER_NONNULL = YES;
				CLANG_ANALYZER_NUMBER_OBJECT_CONVERSION = YES_AGGRESSIVE;
				CLANG_CXX_LANGUAGE_STANDARD = "gnu++17";
				CLANG_CXX_LIBRARY = "libc++";
				CLANG_ENABLE_MODULES = YES;
				CLANG_ENABLE_OBJC_ARC = YES;
				CLANG_ENABLE_OBJC_WEAK = YES;
				CLANG_WARN_BLOCK_CAPTURE_AUTORELEASING = YES;
				CLANG_WARN_BOOL_CONVERSION = YES;
				CLANG_WARN_COMMA = YES;
				CLANG_WARN_CONSTANT_CONVERSION = YES;
				CLANG_WARN_DEPRECATED_OBJC_IMPLEMENTATIONS = YES;
				CLANG_WARN_DIRECT_OBJC_ISA_USAGE = YES_ERROR;
				CLANG_WARN_DOCUMENTATION_COMMENTS = YES;
				CLANG_WARN_EMPTY_BODY = YES;
				CLANG_WARN_ENUM_CONVERSION = YES;
				CLANG_WARN_INFINITE_RECURSION = YES;
				CLANG_WARN_INT_CONVERSION = YES;
				CLANG_WARN_NON_LITERAL_NULL_CONVERSION = YES;
				CLANG_WARN_OBJC_IMPLICIT_RETAIN_SELF = YES;
				CLANG_WARN_OBJC_LITERAL_CONVERSION = YES;
				CLANG_WARN_OBJC_ROOT_CLASS = YES_ERROR;
				CLANG_WARN_QUOTED_INCLUDE_IN_FRAMEWORK_HEADER = YES;
				CLANG_WARN_RANGE_LOOP_ANALYSIS = YES;
				CLANG_WARN_STRICT_PROTOTYPES = YES;
				CLANG_WARN_SUSPICIOUS_MOVE = YES;
				CLANG_WARN_UNGUARDED_AVAILABILITY = YES_AGGRESSIVE;
				CLANG_WARN_UNREACHABLE_CODE = YES;
				CLANG_WARN__DUPLICATE_METHOD_MATCH = YES;
				COPY_PHASE_STRIP = NO;
				DEBUG_INFORMATION_FORMAT = "dwarf-with-dsym";
				ENABLE_NS_ASSERTIONS = NO;
				ENABLE_STRICT_OBJC_MSGSEND = YES;
				GCC_C_LANGUAGE_STANDARD = gnu11;
				GCC_NO_COMMON_BLOCKS = YES;
				GCC_WARN_64_TO_32_BIT_CONVERSION = YES;
				GCC_WARN_ABOUT_RETURN_TYPE = YES_ERROR;
				GCC_WARN_UNDECLARED_SELECTOR = YES;
				GCC_WARN_UNINITIALIZED_AUTOS = YES_AGGRESSIVE;
				GCC_WARN_UNUSED_FUNCTION = YES;
				GCC_WARN_UNUSED_VARIABLE = YES;
				IPHONEOS_DEPLOYMENT_TARGET = 15.2;
				MTL_ENABLE_DEBUG_INFO = NO;
				MTL_FAST_MATH = YES;
				SDKROOT = iphoneos;
				SWIFT_COMPILATION_MODE = wholemodule;
				SWIFT_OPTIMIZATION_LEVEL = "-O";
				VALIDATE_PRODUCT = YES;
			};
			name = Release;
		};
		B9A4812127A3A4D80067CA0A /* Debug */ = {
			isa = XCBuildConfiguration;
			buildSettings = {
				ASSETCATALOG_COMPILER_APPICON_NAME = AppIcon;
				ASSETCATALOG_COMPILER_GLOBAL_ACCENT_COLOR_NAME = AccentColor;
				CODE_SIGN_STYLE = Automatic;
				CURRENT_PROJECT_VERSION = 1;
				DEVELOPMENT_ASSET_PATHS = "\"RainBoot/Preview Content\"";
				DEVELOPMENT_TEAM = 2ABK4QQ3NL;
				ENABLE_PREVIEWS = YES;
				GENERATE_INFOPLIST_FILE = YES;
				INFOPLIST_KEY_UIApplicationSceneManifest_Generation = YES;
				INFOPLIST_KEY_UIApplicationSupportsIndirectInputEvents = YES;
				INFOPLIST_KEY_UILaunchScreen_Generation = YES;
				INFOPLIST_KEY_UISupportedInterfaceOrientations_iPad = "UIInterfaceOrientationPortrait UIInterfaceOrientationPortraitUpsideDown UIInterfaceOrientationLandscapeLeft UIInterfaceOrientationLandscapeRight";
				INFOPLIST_KEY_UISupportedInterfaceOrientations_iPhone = "UIInterfaceOrientationPortrait UIInterfaceOrientationLandscapeLeft UIInterfaceOrientationLandscapeRight";
				LD_RUNPATH_SEARCH_PATHS = (
					"$(inherited)",
					"@executable_path/Frameworks",
				);
				MARKETING_VERSION = 1.0;
				PRODUCT_BUNDLE_IDENTIFIER = com.skwerlhub.RainBoot;
				PRODUCT_NAME = "$(TARGET_NAME)";
				SWIFT_EMIT_LOC_STRINGS = YES;
				SWIFT_VERSION = 5.0;
				TARGETED_DEVICE_FAMILY = "1,2";
			};
			name = Debug;
		};
		B9A4812227A3A4D80067CA0A /* Release */ = {
			isa = XCBuildConfiguration;
			buildSettings = {
				ASSETCATALOG_COMPILER_APPICON_NAME = AppIcon;
				ASSETCATALOG_COMPILER_GLOBAL_ACCENT_COLOR_NAME = AccentColor;
				CODE_SIGN_STYLE = Automatic;
				CURRENT_PROJECT_VERSION = 1;
				DEVELOPMENT_ASSET_PATHS = "\"RainBoot/Preview Content\"";
				DEVELOPMENT_TEAM = 2ABK4QQ3NL;
				ENABLE_PREVIEWS = YES;
				GENERATE_INFOPLIST_FILE = YES;
				INFOPLIST_KEY_UIApplicationSceneManifest_Generation = YES;
				INFOPLIST_KEY_UIApplicationSupportsIndirectInputEvents = YES;
				INFOPLIST_KEY_UILaunchScreen_Generation = YES;
				INFOPLIST_KEY_UISupportedInterfaceOrientations_iPad = "UIInterfaceOrientationPortrait UIInterfaceOrientationPortraitUpsideDown UIInterfaceOrientationLandscapeLeft UIInterfaceOrientationLandscapeRight";
				INFOPLIST_KEY_UISupportedInterfaceOrientations_iPhone = "UIInterfaceOrientationPortrait UIInterfaceOrientationLandscapeLeft UIInterfaceOrientationLandscapeRight";
				LD_RUNPATH_SEARCH_PATHS = (
					"$(inherited)",
					"@executable_path/Frameworks",
				);
				MARKETING_VERSION = 1.0;
				PRODUCT_BUNDLE_IDENTIFIER = com.skwerlhub.RainBoot;
				PRODUCT_NAME = "$(TARGET_NAME)";
				SWIFT_EMIT_LOC_STRINGS = YES;
				SWIFT_VERSION = 5.0;
				TARGETED_DEVICE_FAMILY = "1,2";
			};
			name = Release;
		};
/* End XCBuildConfiguration section */

/* Begin XCConfigurationList section */
		B9A4810D27A3A4D60067CA0A /* Build configuration list for PBXProject "RainBoot" */ = {
			isa = XCConfigurationList;
			buildConfigurations = (
				B9A4811E27A3A4D80067CA0A /* Debug */,
				B9A4811F27A3A4D80067CA0A /* Release */,
			);
			defaultConfigurationIsVisible = 0;
			defaultConfigurationName = Release;
		};
		B9A4812027A3A4D80067CA0A /* Build configuration list for PBXNativeTarget "RainBoot" */ = {
			isa = XCConfigurationList;
			buildConfigurations = (
				B9A4812127A3A4D80067CA0A /* Debug */,
				B9A4812227A3A4D80067CA0A /* Release */,
			);
			defaultConfigurationIsVisible = 0;
			defaultConfigurationName = Release;
		};
/* End XCConfigurationList section */
	};
	rootObject = B9A4810A27A3A4D60067CA0A /* Project object */;
}
